
Microsoft Visual Studio Solution File, Format Version 12.00
# Visual Studio Version 17
VisualStudioVersion = 17.14.37314.3 d17.14
MinimumVisualStudioVersion = 10.0.40219.1
Project("{8BC9CEB8-8B4A-11D0-8D11-00A0C91BC942}") = "Print_Output_Image", "Print_Output_Image\Print_Output_Image.vcxproj", "{498E0619-FA3F-E0D7-AAFD-51350E6EEE4C}"
EndProject
Global
	GlobalSection(SolutionConfigurationPlatforms) = preSolution
		Debug|x64 = Debug|x64
		Release|x64 = Release|x64
	EndGlobalSection
	GlobalSection(ProjectConfigurationPlatforms) = postSolution
		{498E0619-FA3F-E0D7-AAFD-51350E6EEE4C}.Debug|x64.ActiveCfg = Debug|x64
		{498E0619-FA3F-E0D7-AAFD-51350E6EEE4C}.Debug|x64.Build.0 = Debug|x64
		{498E0619-FA3F-E0D7-AAFD-51350E6EEE4C}.Release|x64.ActiveCfg = Release|x64
		{498E0619-FA3F-E0D7-AAFD-51350E6EEE4C}.Release|x64.Build.0 = Release|x64
	EndGlobalSection
	GlobalSection(SolutionProperties) = preSolution
		HideSolutionNode = FALSE
	EndGlobalSection
	GlobalSection(ExtensibilityGlobals) = postSolution
		SolutionGuid = {72DF8BEF-7CEB-4801-A165-BBF48E7513A1}
	EndGlobalSection
EndGlobal
